
Microsoft Visual Studio Solution File, Format Version 12.00
# Visual Studio 14
VisualStudioVersion = 14.0.25420.1
MinimumVisualStudioVersion = 10.0.40219.1
Project("{FAE04EC0-301F-11D3-BF4B-00C04F79EFBC}") = "RCMD", "RCMD\RCMD.csproj", "{7BBC6F85-D38B-473B-9FEC-F96F22E2E09B}"
EndProject
Project("{FAE04EC0-301F-11D3-BF4B-00C04F79EFBC}") = "RCMD.Tests", "RCMD.Tests\RCMD.Tests.csproj", "{489FDA44-9844-4821-B18C-679AACAF3C7E}"
EndProject
Project("{FAE04EC0-301F-11D3-BF4B-00C04F79EFBC}") = "RCMD.Report", "RCMD.Report\RCMD.Report.csproj", "{308B2FD2-A3A7-4574-9863-E7CCE49FFB18}"
EndProject
Project("{FAE04EC0-301F-11D3-BF4B-00C04F79EFBC}") = "RCMD.ReportLibrary", "RCMD.ReportLibrary\RCMD.ReportLibrary.csproj", "{E6E39C33-5E53-416A-9194-1ACD4753C4B8}"
EndProject
Global
	GlobalSection(SolutionConfigurationPlatforms) = preSolution
		Debug|Any CPU = Debug|Any CPU
		Release|Any CPU = Release|Any CPU
	EndGlobalSection
	GlobalSection(ProjectConfigurationPlatforms) = postSolution
		{7BBC6F85-D38B-473B-9FEC-F96F22E2E09B}.Debug|Any CPU.ActiveCfg = Debug|Any CPU
		{7BBC6F85-D38B-473B-9FEC-F96F22E2E09B}.Debug|Any CPU.Build.0 = Debug|Any CPU
		{7BBC6F85-D38B-473B-9FEC-F96F22E2E09B}.Release|Any CPU.ActiveCfg = Release|Any CPU
		{7BBC6F85-D38B-473B-9FEC-F96F22E2E09B}.Release|Any CPU.Build.0 = Release|Any CPU
		{489FDA44-9844-4821-B18C-679AACAF3C7E}.Debug|Any CPU.ActiveCfg = Debug|Any CPU
		{489FDA44-9844-4821-B18C-679AACAF3C7E}.Debug|Any CPU.Build.0 = Debug|Any CPU
		{489FDA44-9844-4821-B18C-679AACAF3C7E}.Release|Any CPU.ActiveCfg = Release|Any CPU
		{489FDA44-9844-4821-B18C-679AACAF3C7E}.Release|Any CPU.Build.0 = Release|Any CPU
		{308B2FD2-A3A7-4574-9863-E7CCE49FFB18}.Debug|Any CPU.ActiveCfg = Debug|Any CPU
		{308B2FD2-A3A7-4574-9863-E7CCE49FFB18}.Debug|Any CPU.Build.0 = Debug|Any CPU
		{308B2FD2-A3A7-4574-9863-E7CCE49FFB18}.Release|Any CPU.ActiveCfg = Release|Any CPU
		{308B2FD2-A3A7-4574-9863-E7CCE49FFB18}.Release|Any CPU.Build.0 = Release|Any CPU
		{E6E39C33-5E53-416A-9194-1ACD4753C4B8}.Debug|Any CPU.ActiveCfg = Debug|Any CPU
		{E6E39C33-5E53-416A-9194-1ACD4753C4B8}.Debug|Any CPU.Build.0 = Debug|Any CPU
		{E6E39C33-5E53-416A-9194-1ACD4753C4B8}.Release|Any CPU.ActiveCfg = Release|Any CPU
		{E6E39C33-5E53-416A-9194-1ACD4753C4B8}.Release|Any CPU.Build.0 = Release|Any CPU
	EndGlobalSection
	GlobalSection(SolutionProperties) = preSolution
		HideSolutionNode = FALSE
	EndGlobalSection
EndGlobal
